{
	"name": "apollo-react-movie",
	"version": "1.0.0",
	"lockfileVersion": 2,
	"requires": true,
	"packages": {
		"": {
			"name": "apollo-react-movie",
			"version": "1.0.0",
			"license": "ISC",
			"dependencies": {
				"@apollo/react-hooks": "^4.0.0",
				"apollo-boost": "^0.4.9",
				"graphql": "^15.5.2",
				"react-router-dom": "^5.3.0"
			}
		},
		"node_modules/@apollo/client": {
			"version": "3.4.10",
			"resolved": "https://registry.npmjs.org/@apollo/client/-/client-3.4.10.tgz",
			"integrity": "sha512-b+8TT3jBM2BtEJi+V2FuLpvoYDZCY3baNYrgAgEyw4fjnuBCSRPY7qVjqriZAwMaGiTLtyVifGhmdeICQs4Eow==",
			"dependencies": {
				"@graphql-typed-document-node/core": "^3.0.0",
				"@wry/context": "^0.6.0",
				"@wry/equality": "^0.5.0",
				"@wry/trie": "^0.3.0",
				"graphql-tag": "^2.12.3",
				"hoist-non-react-statics": "^3.3.2",
				"optimism": "^0.16.1",
				"prop-types": "^15.7.2",
				"symbol-observable": "^4.0.0",
				"ts-invariant": "^0.9.0",
				"tslib": "^2.3.0",
				"zen-observable-ts": "^1.1.0"
			},
			"peerDependencies": {
				"graphql": "^14.0.0 || ^15.0.0",
				"react": "^16.8.0 || ^17.0.0",
				"subscriptions-transport-ws": "^0.9.0"
			},
			"peerDependenciesMeta": {
				"react": {
					"optional": true
				},
				"subscriptions-transport-ws": {
					"optional": true
				}
			}
		},
		"node_modules/@apollo/react-hooks": {
			"version": "4.0.0",
			"resolved": "https://registry.npmjs.org/@apollo/react-hooks/-/react-hooks-4.0.0.tgz",
			"integrity": "sha512-fCu0cbne3gbUl0QbA8X4L33iuuFVQbC5Jo2MIKRK8CyawR6PoxDpFdFA1kc6033ODZuZZ9Eo4RdeJFlFIIYcLA==",
			"dependencies": {
				"@apollo/client": "latest"
			}
		},
		"node_modules/@babel/runtime": {
			"version": "7.15.4",
			"resolved": "https://registry.npmjs.org/@babel/runtime/-/runtime-7.15.4.tgz",
			"integrity": "sha512-99catp6bHCaxr4sJ/DbTGgHS4+Rs2RVd2g7iOap6SLGPDknRK9ztKNsE/Fg6QhSeh1FGE5f6gHGQmvvn3I3xhw==",
			"dependencies": {
				"regenerator-runtime": "^0.13.4"
			},
			"engines": {
				"node": ">=6.9.0"
			}
		},
		"node_modules/@graphql-typed-document-node/core": {
			"version": "3.1.0",
			"resolved": "https://registry.npmjs.org/@graphql-typed-document-node/core/-/core-3.1.0.tgz",
			"integrity": "sha512-wYn6r8zVZyQJ6rQaALBEln5B1pzxb9shV5Ef97kTvn6yVGrqyXVnDqnU24MXnFubR+rZjBY9NWuxX3FB2sTsjg==",
			"peerDependencies": {
				"graphql": "^0.8.0 || ^0.9.0 || ^0.10.0 || ^0.11.0 || ^0.12.0 || ^0.13.0 || ^14.0.0 || ^15.0.0"
			}
		},
		"node_modules/@types/node": {
			"version": "16.7.10",
			"resolved": "https://registry.npmjs.org/@types/node/-/node-16.7.10.tgz",
			"integrity": "sha512-S63Dlv4zIPb8x6MMTgDq5WWRJQe56iBEY0O3SOFA9JrRienkOVDXSXBjjJw6HTNQYSE2JI6GMCR6LVbIMHJVvA=="
		},
		"node_modules/@types/zen-observable": {
			"version": "0.8.3",
			"resolved": "https://registry.npmjs.org/@types/zen-observable/-/zen-observable-0.8.3.tgz",
			"integrity": "sha512-fbF6oTd4sGGy0xjHPKAt+eS2CrxJ3+6gQ3FGcBoIJR2TLAyCkCyI8JqZNy+FeON0AhVgNJoUumVoZQjBFUqHkw=="
		},
		"node_modules/@wry/context": {
			"version": "0.6.1",
			"resolved": "https://registry.npmjs.org/@wry/context/-/context-0.6.1.tgz",
			"integrity": "sha512-LOmVnY1iTU2D8tv4Xf6MVMZZ+juIJ87Kt/plMijjN20NMAXGmH4u8bS1t0uT74cZ5gwpocYueV58YwyI8y+GKw==",
			"dependencies": {
				"tslib": "^2.3.0"
			},
			"engines": {
				"node": ">=8"
			}
		},
		"node_modules/@wry/equality": {
			"version": "0.5.2",
			"resolved": "https://registry.npmjs.org/@wry/equality/-/equality-0.5.2.tgz",
			"integrity": "sha512-oVMxbUXL48EV/C0/M7gLVsoK6qRHPS85x8zECofEZOVvxGmIPLA9o5Z27cc2PoAyZz1S2VoM2A7FLAnpfGlneA==",
			"dependencies": {
				"tslib": "^2.3.0"
			},
			"engines": {
				"node": ">=8"
			}
		},
		"node_modules/@wry/trie": {
			"version": "0.3.1",
			"resolved": "https://registry.npmjs.org/@wry/trie/-/trie-0.3.1.tgz",
			"integrity": "sha512-WwB53ikYudh9pIorgxrkHKrQZcCqNM/Q/bDzZBffEaGUKGuHrRb3zZUT9Sh2qw9yogC7SsdRmQ1ER0pqvd3bfw==",
			"dependencies": {
				"tslib": "^2.3.0"
			},
			"engines": {
				"node": ">=8"
			}
		},
		"node_modules/apollo-boost": {
			"version": "0.4.9",
			"resolved": "https://registry.npmjs.org/apollo-boost/-/apollo-boost-0.4.9.tgz",
			"integrity": "sha512-05y5BKcDaa8w47f8d81UVwKqrAjn8uKLv6QM9fNdldoNzQ+rnOHgFlnrySUZRz9QIT3vPftQkEz2UEASp1Mi5g==",
			"dependencies": {
				"apollo-cache": "^1.3.5",
				"apollo-cache-inmemory": "^1.6.6",
				"apollo-client": "^2.6.10",
				"apollo-link": "^1.0.6",
				"apollo-link-error": "^1.0.3",
				"apollo-link-http": "^1.3.1",
				"graphql-tag": "^2.4.2",
				"ts-invariant": "^0.4.0",
				"tslib": "^1.10.0"
			},
			"peerDependencies": {
				"graphql": "^0.11.0 || ^0.12.0 || ^0.13.0 || ^14.0.0 || ^15.0.0"
			}
		},
		"node_modules/apollo-boost/node_modules/ts-invariant": {
			"version": "0.4.4",
			"resolved": "https://registry.npmjs.org/ts-invariant/-/ts-invariant-0.4.4.tgz",
			"integrity": "sha512-uEtWkFM/sdZvRNNDL3Ehu4WVpwaulhwQszV8mrtcdeE8nN00BV9mAmQ88RkrBhFgl9gMgvjJLAQcZbnPXI9mlA==",
			"dependencies": {
				"tslib": "^1.9.3"
			}
		},
		"node_modules/apollo-boost/node_modules/tslib": {
			"version": "1.14.1",
			"resolved": "https://registry.npmjs.org/tslib/-/tslib-1.14.1.tgz",
			"integrity": "sha512-Xni35NKzjgMrwevysHTCArtLDpPvye8zV/0E4EyYn43P7/7qvQwPh9BGkHewbMulVntbigmcT7rdX3BNo9wRJg=="
		},
		"node_modules/apollo-cache": {
			"version": "1.3.5",
			"resolved": "https://registry.npmjs.org/apollo-cache/-/apollo-cache-1.3.5.tgz",
			"integrity": "sha512-1XoDy8kJnyWY/i/+gLTEbYLnoiVtS8y7ikBr/IfmML4Qb+CM7dEEbIUOjnY716WqmZ/UpXIxTfJsY7rMcqiCXA==",
			"dependencies": {
				"apollo-utilities": "^1.3.4",
				"tslib": "^1.10.0"
			},
			"peerDependencies": {
				"graphql": "^0.11.0 || ^0.12.0 || ^0.13.0 || ^14.0.0 || ^15.0.0"
			}
		},
		"node_modules/apollo-cache-inmemory": {
			"version": "1.6.6",
			"resolved": "https://registry.npmjs.org/apollo-cache-inmemory/-/apollo-cache-inmemory-1.6.6.tgz",
			"integrity": "sha512-L8pToTW/+Xru2FFAhkZ1OA9q4V4nuvfoPecBM34DecAugUZEBhI2Hmpgnzq2hTKZ60LAMrlqiASm0aqAY6F8/A==",
			"dependencies": {
				"apollo-cache": "^1.3.5",
				"apollo-utilities": "^1.3.4",
				"optimism": "^0.10.0",
				"ts-invariant": "^0.4.0",
				"tslib": "^1.10.0"
			},
			"peerDependencies": {
				"graphql": "^0.11.0 || ^0.12.0 || ^0.13.0 || ^14.0.0 || ^15.0.0"
			}
		},
		"node_modules/apollo-cache-inmemory/node_modules/@wry/context": {
			"version": "0.4.4",
			"resolved": "https://registry.npmjs.org/@wry/context/-/context-0.4.4.tgz",
			"integrity": "sha512-LrKVLove/zw6h2Md/KZyWxIkFM6AoyKp71OqpH9Hiip1csjPVoD3tPxlbQUNxEnHENks3UGgNpSBCAfq9KWuag==",
			"dependencies": {
				"@types/node": ">=6",
				"tslib": "^1.9.3"
			}
		},
		"node_modules/apollo-cache-inmemory/node_modules/optimism": {
			"version": "0.10.3",
			"resolved": "https://registry.npmjs.org/optimism/-/optimism-0.10.3.tgz",
			"integrity": "sha512-9A5pqGoQk49H6Vhjb9kPgAeeECfUDF6aIICbMDL23kDLStBn1MWk3YvcZ4xWF9CsSf6XEgvRLkXy4xof/56vVw==",
			"dependencies": {
				"@wry/context": "^0.4.0"
			}
		},
		"node_modules/apollo-cache-inmemory/node_modules/ts-invariant": {
			"version": "0.4.4",
			"resolved": "https://registry.npmjs.org/ts-invariant/-/ts-invariant-0.4.4.tgz",
			"integrity": "sha512-uEtWkFM/sdZvRNNDL3Ehu4WVpwaulhwQszV8mrtcdeE8nN00BV9mAmQ88RkrBhFgl9gMgvjJLAQcZbnPXI9mlA==",
			"dependencies": {
				"tslib": "^1.9.3"
			}
		},
		"node_modules/apollo-cache-inmemory/node_modules/tslib": {
			"version": "1.14.1",
			"resolved": "https://registry.npmjs.org/tslib/-/tslib-1.14.1.tgz",
			"integrity": "sha512-Xni35NKzjgMrwevysHTCArtLDpPvye8zV/0E4EyYn43P7/7qvQwPh9BGkHewbMulVntbigmcT7rdX3BNo9wRJg=="
		},
		"node_modules/apollo-cache/node_modules/tslib": {
			"version": "1.14.1",
			"resolved": "https://registry.npmjs.org/tslib/-/tslib-1.14.1.tgz",
			"integrity": "sha512-Xni35NKzjgMrwevysHTCArtLDpPvye8zV/0E4EyYn43P7/7qvQwPh9BGkHewbMulVntbigmcT7rdX3BNo9wRJg=="
		},
		"node_modules/apollo-client": {
			"version": "2.6.10",
			"resolved": "https://registry.npmjs.org/apollo-client/-/apollo-client-2.6.10.tgz",
			"integrity": "sha512-jiPlMTN6/5CjZpJOkGeUV0mb4zxx33uXWdj/xQCfAMkuNAC3HN7CvYDyMHHEzmcQ5GV12LszWoQ/VlxET24CtA==",
			"dependencies": {
				"@types/zen-observable": "^0.8.0",
				"apollo-cache": "1.3.5",
				"apollo-link": "^1.0.0",
				"apollo-utilities": "1.3.4",
				"symbol-observable": "^1.0.2",
				"ts-invariant": "^0.4.0",
				"tslib": "^1.10.0",
				"zen-observable": "^0.8.0"
			},
			"peerDependencies": {
				"graphql": "^0.11.0 || ^0.12.0 || ^0.13.0 || ^14.0.0 || ^15.0.0"
			}
		},
		"node_modules/apollo-client/node_modules/symbol-observable": {
			"version": "1.2.0",
			"resolved": "https://registry.npmjs.org/symbol-observable/-/symbol-observable-1.2.0.tgz",
			"integrity": "sha512-e900nM8RRtGhlV36KGEU9k65K3mPb1WV70OdjfxlG2EAuM1noi/E/BaW/uMhL7bPEssK8QV57vN3esixjUvcXQ==",
			"engines": {
				"node": ">=0.10.0"
			}
		},
		"node_modules/apollo-client/node_modules/ts-invariant": {
			"version": "0.4.4",
			"resolved": "https://registry.npmjs.org/ts-invariant/-/ts-invariant-0.4.4.tgz",
			"integrity": "sha512-uEtWkFM/sdZvRNNDL3Ehu4WVpwaulhwQszV8mrtcdeE8nN00BV9mAmQ88RkrBhFgl9gMgvjJLAQcZbnPXI9mlA==",
			"dependencies": {
				"tslib": "^1.9.3"
			}
		},
		"node_modules/apollo-client/node_modules/tslib": {
			"version": "1.14.1",
			"resolved": "https://registry.npmjs.org/tslib/-/tslib-1.14.1.tgz",
			"integrity": "sha512-Xni35NKzjgMrwevysHTCArtLDpPvye8zV/0E4EyYn43P7/7qvQwPh9BGkHewbMulVntbigmcT7rdX3BNo9wRJg=="
		},
		"node_modules/apollo-link": {
			"version": "1.2.14",
			"resolved": "https://registry.npmjs.org/apollo-link/-/apollo-link-1.2.14.tgz",
			"integrity": "sha512-p67CMEFP7kOG1JZ0ZkYZwRDa369w5PIjtMjvrQd/HnIV8FRsHRqLqK+oAZQnFa1DDdZtOtHTi+aMIW6EatC2jg==",
			"dependencies": {
				"apollo-utilities": "^1.3.0",
				"ts-invariant": "^0.4.0",
				"tslib": "^1.9.3",
				"zen-observable-ts": "^0.8.21"
			},
			"peerDependencies": {
				"graphql": "^0.11.3 || ^0.12.3 || ^0.13.0 || ^14.0.0 || ^15.0.0"
			}
		},
		"node_modules/apollo-link-error": {
			"version": "1.1.13",
			"resolved": "https://registry.npmjs.org/apollo-link-error/-/apollo-link-error-1.1.13.tgz",
			"integrity": "sha512-jAZOOahJU6bwSqb2ZyskEK1XdgUY9nkmeclCrW7Gddh1uasHVqmoYc4CKdb0/H0Y1J9lvaXKle2Wsw/Zx1AyUg==",
			"dependencies": {
				"apollo-link": "^1.2.14",
				"apollo-link-http-common": "^0.2.16",
				"tslib": "^1.9.3"
			}
		},
		"node_modules/apollo-link-error/node_modules/tslib": {
			"version": "1.14.1",
			"resolved": "https://registry.npmjs.org/tslib/-/tslib-1.14.1.tgz",
			"integrity": "sha512-Xni35NKzjgMrwevysHTCArtLDpPvye8zV/0E4EyYn43P7/7qvQwPh9BGkHewbMulVntbigmcT7rdX3BNo9wRJg=="
		},
		"node_modules/apollo-link-http": {
			"version": "1.5.17",
			"resolved": "https://registry.npmjs.org/apollo-link-http/-/apollo-link-http-1.5.17.tgz",
			"integrity": "sha512-uWcqAotbwDEU/9+Dm9e1/clO7hTB2kQ/94JYcGouBVLjoKmTeJTUPQKcJGpPwUjZcSqgYicbFqQSoJIW0yrFvg==",
			"dependencies": {
				"apollo-link": "^1.2.14",
				"apollo-link-http-common": "^0.2.16",
				"tslib": "^1.9.3"
			},
			"peerDependencies": {
				"graphql": "^0.11.0 || ^0.12.0 || ^0.13.0 || ^14.0.0 || ^15.0.0"
			}
		},
		"node_modules/apollo-link-http-common": {
			"version": "0.2.16",
			"resolved": "https://registry.npmjs.org/apollo-link-http-common/-/apollo-link-http-common-0.2.16.tgz",
			"integrity": "sha512-2tIhOIrnaF4UbQHf7kjeQA/EmSorB7+HyJIIrUjJOKBgnXwuexi8aMecRlqTIDWcyVXCeqLhUnztMa6bOH/jTg==",
			"dependencies": {
				"apollo-link": "^1.2.14",
				"ts-invariant": "^0.4.0",
				"tslib": "^1.9.3"
			},
			"peerDependencies": {
				"graphql": "^0.11.0 || ^0.12.0 || ^0.13.0 || ^14.0.0 || ^15.0.0"
			}
		},
		"node_modules/apollo-link-http-common/node_modules/ts-invariant": {
			"version": "0.4.4",
			"resolved": "https://registry.npmjs.org/ts-invariant/-/ts-invariant-0.4.4.tgz",
			"integrity": "sha512-uEtWkFM/sdZvRNNDL3Ehu4WVpwaulhwQszV8mrtcdeE8nN00BV9mAmQ88RkrBhFgl9gMgvjJLAQcZbnPXI9mlA==",
			"dependencies": {
				"tslib": "^1.9.3"
			}
		},
		"node_modules/apollo-link-http-common/node_modules/tslib": {
			"version": "1.14.1",
			"resolved": "https://registry.npmjs.org/tslib/-/tslib-1.14.1.tgz",
			"integrity": "sha512-Xni35NKzjgMrwevysHTCArtLDpPvye8zV/0E4EyYn43P7/7qvQwPh9BGkHewbMulVntbigmcT7rdX3BNo9wRJg=="
		},
		"node_modules/apollo-link-http/node_modules/tslib": {
			"version": "1.14.1",
			"resolved": "https://registry.npmjs.org/tslib/-/tslib-1.14.1.tgz",
			"integrity": "sha512-Xni35NKzjgMrwevysHTCArtLDpPvye8zV/0E4EyYn43P7/7qvQwPh9BGkHewbMulVntbigmcT7rdX3BNo9wRJg=="
		},
		"node_modules/apollo-link/node_modules/ts-invariant": {
			"version": "0.4.4",
			"resolved": "https://registry.npmjs.org/ts-invariant/-/ts-invariant-0.4.4.tgz",
			"integrity": "sha512-uEtWkFM/sdZvRNNDL3Ehu4WVpwaulhwQszV8mrtcdeE8nN00BV9mAmQ88RkrBhFgl9gMgvjJLAQcZbnPXI9mlA==",
			"dependencies": {
				"tslib": "^1.9.3"
			}
		},
		"node_modules/apollo-link/node_modules/tslib": {
			"version": "1.14.1",
			"resolved": "https://registry.npmjs.org/tslib/-/tslib-1.14.1.tgz",
			"integrity": "sha512-Xni35NKzjgMrwevysHTCArtLDpPvye8zV/0E4EyYn43P7/7qvQwPh9BGkHewbMulVntbigmcT7rdX3BNo9wRJg=="
		},
		"node_modules/apollo-link/node_modules/zen-observable-ts": {
			"version": "0.8.21",
			"resolved": "https://registry.npmjs.org/zen-observable-ts/-/zen-observable-ts-0.8.21.tgz",
			"integrity": "sha512-Yj3yXweRc8LdRMrCC8nIc4kkjWecPAUVh0TI0OUrWXx6aX790vLcDlWca6I4vsyCGH3LpWxq0dJRcMOFoVqmeg==",
			"dependencies": {
				"tslib": "^1.9.3",
				"zen-observable": "^0.8.0"
			}
		},
		"node_modules/apollo-utilities": {
			"version": "1.3.4",
			"resolved": "https://registry.npmjs.org/apollo-utilities/-/apollo-utilities-1.3.4.tgz",
			"integrity": "sha512-pk2hiWrCXMAy2fRPwEyhvka+mqwzeP60Jr1tRYi5xru+3ko94HI9o6lK0CT33/w4RDlxWchmdhDCrvdr+pHCig==",
			"dependencies": {
				"@wry/equality": "^0.1.2",
				"fast-json-stable-stringify": "^2.0.0",
				"ts-invariant": "^0.4.0",
				"tslib": "^1.10.0"
			},
			"peerDependencies": {
				"graphql": "^0.11.0 || ^0.12.0 || ^0.13.0 || ^14.0.0 || ^15.0.0"
			}
		},
		"node_modules/apollo-utilities/node_modules/@wry/equality": {
			"version": "0.1.11",
			"resolved": "https://registry.npmjs.org/@wry/equality/-/equality-0.1.11.tgz",
			"integrity": "sha512-mwEVBDUVODlsQQ5dfuLUS5/Tf7jqUKyhKYHmVi4fPB6bDMOfWvUPJmKgS1Z7Za/sOI3vzWt4+O7yCiL/70MogA==",
			"dependencies": {
				"tslib": "^1.9.3"
			}
		},
		"node_modules/apollo-utilities/node_modules/ts-invariant": {
			"version": "0.4.4",
			"resolved": "https://registry.npmjs.org/ts-invariant/-/ts-invariant-0.4.4.tgz",
			"integrity": "sha512-uEtWkFM/sdZvRNNDL3Ehu4WVpwaulhwQszV8mrtcdeE8nN00BV9mAmQ88RkrBhFgl9gMgvjJLAQcZbnPXI9mlA==",
			"dependencies": {
				"tslib": "^1.9.3"
			}
		},
		"node_modules/apollo-utilities/node_modules/tslib": {
			"version": "1.14.1",
			"resolved": "https://registry.npmjs.org/tslib/-/tslib-1.14.1.tgz",
			"integrity": "sha512-Xni35NKzjgMrwevysHTCArtLDpPvye8zV/0E4EyYn43P7/7qvQwPh9BGkHewbMulVntbigmcT7rdX3BNo9wRJg=="
		},
		"node_modules/fast-json-stable-stringify": {
			"version": "2.1.0",
			"resolved": "https://registry.npmjs.org/fast-json-stable-stringify/-/fast-json-stable-stringify-2.1.0.tgz",
			"integrity": "sha512-lhd/wF+Lk98HZoTCtlVraHtfh5XYijIjalXck7saUtuanSDyLMxnHhSXEDJqHxD7msR8D0uCmqlkwjCV8xvwHw=="
		},
		"node_modules/graphql": {
			"version": "15.5.2",
			"resolved": "https://registry.npmjs.org/graphql/-/graphql-15.5.2.tgz",
			"integrity": "sha512-dZjLPWNQqYv0dqV2RNbiFed0LtSp6yd4jchsDGnuhDKa9OQHJYCfovaOEvY91w9gqbYO7Se9LKDTl3xxYva/3w==",
			"engines": {
				"node": ">= 10.x"
			}
		},
		"node_modules/graphql-tag": {
			"version": "2.12.5",
			"resolved": "https://registry.npmjs.org/graphql-tag/-/graphql-tag-2.12.5.tgz",
			"integrity": "sha512-5xNhP4063d16Pz3HBtKprutsPrmHZi5IdUGOWRxA2B6VF7BIRGOHZ5WQvDmJXZuPcBg7rYwaFxvQYjqkSdR3TQ==",
			"dependencies": {
				"tslib": "^2.1.0"
			},
			"engines": {
				"node": ">=10"
			},
			"peerDependencies": {
				"graphql": "^0.9.0 || ^0.10.0 || ^0.11.0 || ^0.12.0 || ^0.13.0 || ^14.0.0 || ^15.0.0"
			}
		},
		"node_modules/history": {
			"version": "4.10.1",
			"resolved": "https://registry.npmjs.org/history/-/history-4.10.1.tgz",
			"integrity": "sha512-36nwAD620w12kuzPAsyINPWJqlNbij+hpK1k9XRloDtym8mxzGYl2c17LnV6IAGB2Dmg4tEa7G7DlawS0+qjew==",
			"dependencies": {
				"@babel/runtime": "^7.1.2",
				"loose-envify": "^1.2.0",
				"resolve-pathname": "^3.0.0",
				"tiny-invariant": "^1.0.2",
				"tiny-warning": "^1.0.0",
				"value-equal": "^1.0.1"
			}
		},
		"node_modules/hoist-non-react-statics": {
			"version": "3.3.2",
			"resolved": "https://registry.npmjs.org/hoist-non-react-statics/-/hoist-non-react-statics-3.3.2.tgz",
			"integrity": "sha512-/gGivxi8JPKWNm/W0jSmzcMPpfpPLc3dY/6GxhX2hQ9iGj3aDfklV4ET7NjKpSinLpJ5vafa9iiGIEZg10SfBw==",
			"dependencies": {
				"react-is": "^16.7.0"
			}
		},
		"node_modules/isarray": {
			"version": "0.0.1",
			"resolved": "https://registry.npmjs.org/isarray/-/isarray-0.0.1.tgz",
			"integrity": "sha1-ihis/Kmo9Bd+Cav8YDiTmwXR7t8="
		},
		"node_modules/js-tokens": {
			"version": "4.0.0",
			"resolved": "https://registry.npmjs.org/js-tokens/-/js-tokens-4.0.0.tgz",
			"integrity": "sha512-RdJUflcE3cUzKiMqQgsCu06FPu9UdIJO0beYbPhHN4k6apgJtifcoCtT9bcxOpYBtpD2kCM6Sbzg4CausW/PKQ=="
		},
		"node_modules/loose-envify": {
			"version": "1.4.0",
			"resolved": "https://registry.npmjs.org/loose-envify/-/loose-envify-1.4.0.tgz",
			"integrity": "sha512-lyuxPGr/Wfhrlem2CL/UcnUc1zcqKAImBDzukY7Y5F/yQiNdko6+fRLevlw1HgMySw7f611UIY408EtxRSoK3Q==",
			"dependencies": {
				"js-tokens": "^3.0.0 || ^4.0.0"
			},
			"bin": {
				"loose-envify": "cli.js"
			}
		},
		"node_modules/mini-create-react-context": {
			"version": "0.4.1",
			"resolved": "https://registry.npmjs.org/mini-create-react-context/-/mini-create-react-context-0.4.1.tgz",
			"integrity": "sha512-YWCYEmd5CQeHGSAKrYvXgmzzkrvssZcuuQDDeqkT+PziKGMgE+0MCCtcKbROzocGBG1meBLl2FotlRwf4gAzbQ==",
			"dependencies": {
				"@babel/runtime": "^7.12.1",
				"tiny-warning": "^1.0.3"
			},
			"peerDependencies": {
				"prop-types": "^15.0.0",
				"react": "^0.14.0 || ^15.0.0 || ^16.0.0 || ^17.0.0"
			}
		},
		"node_modules/object-assign": {
			"version": "4.1.1",
			"resolved": "https://registry.npmjs.org/object-assign/-/object-assign-4.1.1.tgz",
			"integrity": "sha1-IQmtx5ZYh8/AXLvUQsrIv7s2CGM=",
			"engines": {
				"node": ">=0.10.0"
			}
		},
		"node_modules/optimism": {
			"version": "0.16.1",
			"resolved": "https://registry.npmjs.org/optimism/-/optimism-0.16.1.tgz",
			"integrity": "sha512-64i+Uw3otrndfq5kaoGNoY7pvOhSsjFEN4bdEFh80MWVk/dbgJfMv7VFDeCT8LxNAlEVhQmdVEbfE7X2nWNIIg==",
			"dependencies": {
				"@wry/context": "^0.6.0",
				"@wry/trie": "^0.3.0"
			}
		},
		"node_modules/path-to-regexp": {
			"version": "1.8.0",
			"resolved": "https://registry.npmjs.org/path-to-regexp/-/path-to-regexp-1.8.0.tgz",
			"integrity": "sha512-n43JRhlUKUAlibEJhPeir1ncUID16QnEjNpwzNdO3Lm4ywrBpBZ5oLD0I6br9evr1Y9JTqwRtAh7JLoOzAQdVA==",
			"dependencies": {
				"isarray": "0.0.1"
			}
		},
		"node_modules/prop-types": {
			"version": "15.7.2",
			"resolved": "https://registry.npmjs.org/prop-types/-/prop-types-15.7.2.tgz",
			"integrity": "sha512-8QQikdH7//R2vurIJSutZ1smHYTcLpRWEOlHnzcWHmBYrOGUysKwSsrC89BCiFj3CbrfJ/nXFdJepOVrY1GCHQ==",
			"dependencies": {
				"loose-envify": "^1.4.0",
				"object-assign": "^4.1.1",
				"react-is": "^16.8.1"
			}
		},
		"node_modules/react": {
			"version": "17.0.2",
			"resolved": "https://registry.npmjs.org/react/-/react-17.0.2.tgz",
			"integrity": "sha512-gnhPt75i/dq/z3/6q/0asP78D0u592D5L1pd7M8P+dck6Fu/jJeL6iVVK23fptSUZj8Vjf++7wXA8UNclGQcbA==",
			"peer": true,
			"dependencies": {
				"loose-envify": "^1.1.0",
				"object-assign": "^4.1.1"
			},
			"engines": {
				"node": ">=0.10.0"
			}
		},
		"node_modules/react-is": {
			"version": "16.13.1",
			"resolved": "https://registry.npmjs.org/react-is/-/react-is-16.13.1.tgz",
			"integrity": "sha512-24e6ynE2H+OKt4kqsOvNd8kBpV65zoxbA4BVsEOB3ARVWQki/DHzaUoC5KuON/BiccDaCCTZBuOcfZs70kR8bQ=="
		},
		"node_modules/react-router": {
			"version": "5.2.1",
			"resolved": "https://registry.npmjs.org/react-router/-/react-router-5.2.1.tgz",
			"integrity": "sha512-lIboRiOtDLFdg1VTemMwud9vRVuOCZmUIT/7lUoZiSpPODiiH1UQlfXy+vPLC/7IWdFYnhRwAyNqA/+I7wnvKQ==",
			"dependencies": {
				"@babel/runtime": "^7.12.13",
				"history": "^4.9.0",
				"hoist-non-react-statics": "^3.1.0",
				"loose-envify": "^1.3.1",
				"mini-create-react-context": "^0.4.0",
				"path-to-regexp": "^1.7.0",
				"prop-types": "^15.6.2",
				"react-is": "^16.6.0",
				"tiny-invariant": "^1.0.2",
				"tiny-warning": "^1.0.0"
			},
			"peerDependencies": {
				"react": ">=15"
			}
		},
		"node_modules/react-router-dom": {
			"version": "5.3.0",
			"resolved": "https://registry.npmjs.org/react-router-dom/-/react-router-dom-5.3.0.tgz",
			"integrity": "sha512-ObVBLjUZsphUUMVycibxgMdh5jJ1e3o+KpAZBVeHcNQZ4W+uUGGWsokurzlF4YOldQYRQL4y6yFRWM4m3svmuQ==",
			"dependencies": {
				"@babel/runtime": "^7.12.13",
				"history": "^4.9.0",
				"loose-envify": "^1.3.1",
				"prop-types": "^15.6.2",
				"react-router": "5.2.1",
				"tiny-invariant": "^1.0.2",
				"tiny-warning": "^1.0.0"
			},
			"peerDependencies": {
				"react": ">=15"
			}
		},
		"node_modules/regenerator-runtime": {
			"version": "0.13.9",
			"resolved": "https://registry.npmjs.org/regenerator-runtime/-/regenerator-runtime-0.13.9.tgz",
			"integrity": "sha512-p3VT+cOEgxFsRRA9X4lkI1E+k2/CtnKtU4gcxyaCUreilL/vqI6CdZ3wxVUx3UOUg+gnUOQQcRI7BmSI656MYA=="
		},
		"node_modules/resolve-pathname": {
			"version": "3.0.0",
			"resolved": "https://registry.npmjs.org/resolve-pathname/-/resolve-pathname-3.0.0.tgz",
			"integrity": "sha512-C7rARubxI8bXFNB/hqcp/4iUeIXJhJZvFPFPiSPRnhU5UPxzMFIl+2E6yY6c4k9giDJAhtV+enfA+G89N6Csng=="
		},
		"node_modules/symbol-observable": {
			"version": "4.0.0",
			"resolved": "https://registry.npmjs.org/symbol-observable/-/symbol-observable-4.0.0.tgz",
			"integrity": "sha512-b19dMThMV4HVFynSAM1++gBHAbk2Tc/osgLIBZMKsyqh34jb2e8Os7T6ZW/Bt3pJFdBTd2JwAnAAEQV7rSNvcQ==",
			"engines": {
				"node": ">=0.10"
			}
		},
		"node_modules/tiny-invariant": {
			"version": "1.1.0",
			"resolved": "https://registry.npmjs.org/tiny-invariant/-/tiny-invariant-1.1.0.tgz",
			"integrity": "sha512-ytxQvrb1cPc9WBEI/HSeYYoGD0kWnGEOR8RY6KomWLBVhqz0RgTwVO9dLrGz7dC+nN9llyI7OKAgRq8Vq4ZBSw=="
		},
		"node_modules/tiny-warning": {
			"version": "1.0.3",
			"resolved": "https://registry.npmjs.org/tiny-warning/-/tiny-warning-1.0.3.tgz",
			"integrity": "sha512-lBN9zLN/oAf68o3zNXYrdCt1kP8WsiGW8Oo2ka41b2IM5JL/S1CTyX1rW0mb/zSuJun0ZUrDxx4sqvYS2FWzPA=="
		},
		"node_modules/ts-invariant": {
			"version": "0.9.1",
			"resolved": "https://registry.npmjs.org/ts-invariant/-/ts-invariant-0.9.1.tgz",
			"integrity": "sha512-hSeYibh29ULlHkuEfukcoiyTct+s2RzczMLTv4x3NWC/YrBy7x7ps5eYq/b4Y3Sb9/uAlf54+/5CAEMVxPhuQw==",
			"dependencies": {
				"tslib": "^2.1.0"
			},
			"engines": {
				"node": ">=8"
			}
		},
		"node_modules/tslib": {
			"version": "2.3.1",
			"resolved": "https://registry.npmjs.org/tslib/-/tslib-2.3.1.tgz",
			"integrity": "sha512-77EbyPPpMz+FRFRuAFlWMtmgUWGe9UOG2Z25NqCwiIjRhOf5iKGuzSe5P2w1laq+FkRy4p+PCuVkJSGkzTEKVw=="
		},
		"node_modules/value-equal": {
			"version": "1.0.1",
			"resolved": "https://registry.npmjs.org/value-equal/-/value-equal-1.0.1.tgz",
			"integrity": "sha512-NOJ6JZCAWr0zlxZt+xqCHNTEKOsrks2HQd4MqhP1qy4z1SkbEP467eNx6TgDKXMvUOb+OENfJCZwM+16n7fRfw=="
		},
		"node_modules/zen-observable": {
			"version": "0.8.15",
			"resolved": "https://registry.npmjs.org/zen-observable/-/zen-observable-0.8.15.tgz",
			"integrity": "sha512-PQ2PC7R9rslx84ndNBZB/Dkv8V8fZEpk83RLgXtYd0fwUgEjseMn1Dgajh2x6S8QbZAFa9p2qVCEuYZNgve0dQ=="
		},
		"node_modules/zen-observable-ts": {
			"version": "1.1.0",
			"resolved": "https://registry.npmjs.org/zen-observable-ts/-/zen-observable-ts-1.1.0.tgz",
			"integrity": "sha512-1h4zlLSqI2cRLPJUHJFL8bCWHhkpuXkF+dbGkRaWjgDIG26DmzyshUMrdV/rL3UnR+mhaX4fRq8LPouq0MYYIA==",
			"dependencies": {
				"@types/zen-observable": "0.8.3",
				"zen-observable": "0.8.15"
			}
		}
	},
	"dependencies": {
		"@apollo/client": {
			"version": "3.4.10",
			"resolved": "https://registry.npmjs.org/@apollo/client/-/client-3.4.10.tgz",
			"integrity": "sha512-b+8TT3jBM2BtEJi+V2FuLpvoYDZCY3baNYrgAgEyw4fjnuBCSRPY7qVjqriZAwMaGiTLtyVifGhmdeICQs4Eow==",
			"requires": {
				"@graphql-typed-document-node/core": "^3.0.0",
				"@wry/context": "^0.6.0",
				"@wry/equality": "^0.5.0",
				"@wry/trie": "^0.3.0",
				"graphql-tag": "^2.12.3",
				"hoist-non-react-statics": "^3.3.2",
				"optimism": "^0.16.1",
				"prop-types": "^15.7.2",
				"symbol-observable": "^4.0.0",
				"ts-invariant": "^0.9.0",
				"tslib": "^2.3.0",
				"zen-observable-ts": "^1.1.0"
			}
		},
		"@apollo/react-hooks": {
			"version": "4.0.0",
			"resolved": "https://registry.npmjs.org/@apollo/react-hooks/-/react-hooks-4.0.0.tgz",
			"integrity": "sha512-fCu0cbne3gbUl0QbA8X4L33iuuFVQbC5Jo2MIKRK8CyawR6PoxDpFdFA1kc6033ODZuZZ9Eo4RdeJFlFIIYcLA==",
			"requires": {
				"@apollo/client": "latest"
			}
		},
		"@babel/runtime": {
			"version": "7.15.4",
			"resolved": "https://registry.npmjs.org/@babel/runtime/-/runtime-7.15.4.tgz",
			"integrity": "sha512-99catp6bHCaxr4sJ/DbTGgHS4+Rs2RVd2g7iOap6SLGPDknRK9ztKNsE/Fg6QhSeh1FGE5f6gHGQmvvn3I3xhw==",
			"requires": {
				"regenerator-runtime": "^0.13.4"
			}
		},
		"@graphql-typed-document-node/core": {
			"version": "3.1.0",
			"resolved": "https://registry.npmjs.org/@graphql-typed-document-node/core/-/core-3.1.0.tgz",
			"integrity": "sha512-wYn6r8zVZyQJ6rQaALBEln5B1pzxb9shV5Ef97kTvn6yVGrqyXVnDqnU24MXnFubR+rZjBY9NWuxX3FB2sTsjg==",
			"requires": {}
		},
		"@types/node": {
			"version": "16.7.10",
			"resolved": "https://registry.npmjs.org/@types/node/-/node-16.7.10.tgz",
			"integrity": "sha512-S63Dlv4zIPb8x6MMTgDq5WWRJQe56iBEY0O3SOFA9JrRienkOVDXSXBjjJw6HTNQYSE2JI6GMCR6LVbIMHJVvA=="
		},
		"@types/zen-observable": {
			"version": "0.8.3",
			"resolved": "https://registry.npmjs.org/@types/zen-observable/-/zen-observable-0.8.3.tgz",
			"integrity": "sha512-fbF6oTd4sGGy0xjHPKAt+eS2CrxJ3+6gQ3FGcBoIJR2TLAyCkCyI8JqZNy+FeON0AhVgNJoUumVoZQjBFUqHkw=="
		},
		"@wry/context": {
			"version": "0.6.1",
			"resolved": "https://registry.npmjs.org/@wry/context/-/context-0.6.1.tgz",
			"integrity": "sha512-LOmVnY1iTU2D8tv4Xf6MVMZZ+juIJ87Kt/plMijjN20NMAXGmH4u8bS1t0uT74cZ5gwpocYueV58YwyI8y+GKw==",
			"requires": {
				"tslib": "^2.3.0"
			}
		},
		"@wry/equality": {
			"version": "0.5.2",
			"resolved": "https://registry.npmjs.org/@wry/equality/-/equality-0.5.2.tgz",
			"integrity": "sha512-oVMxbUXL48EV/C0/M7gLVsoK6qRHPS85x8zECofEZOVvxGmIPLA9o5Z27cc2PoAyZz1S2VoM2A7FLAnpfGlneA==",
			"requires": {
				"tslib": "^2.3.0"
			}
		},
		"@wry/trie": {
			"version": "0.3.1",
			"resolved": "https://registry.npmjs.org/@wry/trie/-/trie-0.3.1.tgz",
			"integrity": "sha512-WwB53ikYudh9pIorgxrkHKrQZcCqNM/Q/bDzZBffEaGUKGuHrRb3zZUT9Sh2qw9yogC7SsdRmQ1ER0pqvd3bfw==",
			"requires": {
				"tslib": "^2.3.0"
			}
		},
		"apollo-boost": {
			"version": "0.4.9",
			"resolved": "https://registry.npmjs.org/apollo-boost/-/apollo-boost-0.4.9.tgz",
			"integrity": "sha512-05y5BKcDaa8w47f8d81UVwKqrAjn8uKLv6QM9fNdldoNzQ+rnOHgFlnrySUZRz9QIT3vPftQkEz2UEASp1Mi5g==",
			"requires": {
				"apollo-cache": "^1.3.5",
				"apollo-cache-inmemory": "^1.6.6",
				"apollo-client": "^2.6.10",
				"apollo-link": "^1.0.6",
				"apollo-link-error": "^1.0.3",
				"apollo-link-http": "^1.3.1",
				"graphql-tag": "^2.4.2",
				"ts-invariant": "^0.4.0",
				"tslib": "^1.10.0"
			},
			"dependencies": {
				"ts-invariant": {
					"version": "0.4.4",
					"resolved": "https://registry.npmjs.org/ts-invariant/-/ts-invariant-0.4.4.tgz",
					"integrity": "sha512-uEtWkFM/sdZvRNNDL3Ehu4WVpwaulhwQszV8mrtcdeE8nN00BV9mAmQ88RkrBhFgl9gMgvjJLAQcZbnPXI9mlA==",
					"requires": {
						"tslib": "^1.9.3"
					}
				},
				"tslib": {
					"version": "1.14.1",
					"resolved": "https://registry.npmjs.org/tslib/-/tslib-1.14.1.tgz",
					"integrity": "sha512-Xni35NKzjgMrwevysHTCArtLDpPvye8zV/0E4EyYn43P7/7qvQwPh9BGkHewbMulVntbigmcT7rdX3BNo9wRJg=="
				}
			}
		},
		"apollo-cache": {
			"version": "1.3.5",
			"resolved": "https://registry.npmjs.org/apollo-cache/-/apollo-cache-1.3.5.tgz",
			"integrity": "sha512-1XoDy8kJnyWY/i/+gLTEbYLnoiVtS8y7ikBr/IfmML4Qb+CM7dEEbIUOjnY716WqmZ/UpXIxTfJsY7rMcqiCXA==",
			"requires": {
				"apollo-utilities": "^1.3.4",
				"tslib": "^1.10.0"
			},
			"dependencies": {
				"tslib": {
					"version": "1.14.1",
					"resolved": "https://registry.npmjs.org/tslib/-/tslib-1.14.1.tgz",
					"integrity": "sha512-Xni35NKzjgMrwevysHTCArtLDpPvye8zV/0E4EyYn43P7/7qvQwPh9BGkHewbMulVntbigmcT7rdX3BNo9wRJg=="
				}
			}
		},
		"apollo-cache-inmemory": {
			"version": "1.6.6",
			"resolved": "https://registry.npmjs.org/apollo-cache-inmemory/-/apollo-cache-inmemory-1.6.6.tgz",
			"integrity": "sha512-L8pToTW/+Xru2FFAhkZ1OA9q4V4nuvfoPecBM34DecAugUZEBhI2Hmpgnzq2hTKZ60LAMrlqiASm0aqAY6F8/A==",
			"requires": {
				"apollo-cache": "^1.3.5",
				"apollo-utilities": "^1.3.4",
				"optimism": "^0.10.0",
				"ts-invariant": "^0.4.0",
				"tslib": "^1.10.0"
			},
			"dependencies": {
				"@wry/context": {
					"version": "0.4.4",
					"resolved": "https://registry.npmjs.org/@wry/context/-/context-0.4.4.tgz",
					"integrity": "sha512-LrKVLove/zw6h2Md/KZyWxIkFM6AoyKp71OqpH9Hiip1csjPVoD3tPxlbQUNxEnHENks3UGgNpSBCAfq9KWuag==",
					"requires": {
						"@types/node": ">=6",
						"tslib": "^1.9.3"
					}
				},
				"optimism": {
					"version": "0.10.3",
					"resolved": "https://registry.npmjs.org/optimism/-/optimism-0.10.3.tgz",
					"integrity": "sha512-9A5pqGoQk49H6Vhjb9kPgAeeECfUDF6aIICbMDL23kDLStBn1MWk3YvcZ4xWF9CsSf6XEgvRLkXy4xof/56vVw==",
					"requires": {
						"@wry/context": "^0.4.0"
					}
				},
				"ts-invariant": {
					"version": "0.4.4",
					"resolved": "https://registry.npmjs.org/ts-invariant/-/ts-invariant-0.4.4.tgz",
					"integrity": "sha512-uEtWkFM/sdZvRNNDL3Ehu4WVpwaulhwQszV8mrtcdeE8nN00BV9mAmQ88RkrBhFgl9gMgvjJLAQcZbnPXI9mlA==",
					"requires": {
						"tslib": "^1.9.3"
					}
				},
				"tslib": {
					"version": "1.14.1",
					"resolved": "https://registry.npmjs.org/tslib/-/tslib-1.14.1.tgz",
					"integrity": "sha512-Xni35NKzjgMrwevysHTCArtLDpPvye8zV/0E4EyYn43P7/7qvQwPh9BGkHewbMulVntbigmcT7rdX3BNo9wRJg=="
				}
			}
		},
		"apollo-client": {
			"version": "2.6.10",
			"resolved": "https://registry.npmjs.org/apollo-client/-/apollo-client-2.6.10.tgz",
			"integrity": "sha512-jiPlMTN6/5CjZpJOkGeUV0mb4zxx33uXWdj/xQCfAMkuNAC3HN7CvYDyMHHEzmcQ5GV12LszWoQ/VlxET24CtA==",
			"requires": {
				"@types/zen-observable": "^0.8.0",
				"apollo-cache": "1.3.5",
				"apollo-link": "^1.0.0",
				"apollo-utilities": "1.3.4",
				"symbol-observable": "^1.0.2",
				"ts-invariant": "^0.4.0",
				"tslib": "^1.10.0",
				"zen-observable": "^0.8.0"
			},
			"dependencies": {
				"symbol-observable": {
					"version": "1.2.0",
					"resolved": "https://registry.npmjs.org/symbol-observable/-/symbol-observable-1.2.0.tgz",
					"integrity": "sha512-e900nM8RRtGhlV36KGEU9k65K3mPb1WV70OdjfxlG2EAuM1noi/E/BaW/uMhL7bPEssK8QV57vN3esixjUvcXQ=="
				},
				"ts-invariant": {
					"version": "0.4.4",
					"resolved": "https://registry.npmjs.org/ts-invariant/-/ts-invariant-0.4.4.tgz",
					"integrity": "sha512-uEtWkFM/sdZvRNNDL3Ehu4WVpwaulhwQszV8mrtcdeE8nN00BV9mAmQ88RkrBhFgl9gMgvjJLAQcZbnPXI9mlA==",
					"requires": {
						"tslib": "^1.9.3"
					}
				},
				"tslib": {
					"version": "1.14.1",
					"resolved": "https://registry.npmjs.org/tslib/-/tslib-1.14.1.tgz",
					"integrity": "sha512-Xni35NKzjgMrwevysHTCArtLDpPvye8zV/0E4EyYn43P7/7qvQwPh9BGkHewbMulVntbigmcT7rdX3BNo9wRJg=="
				}
			}
		},
		"apollo-link": {
			"version": "1.2.14",
			"resolved": "https://registry.npmjs.org/apollo-link/-/apollo-link-1.2.14.tgz",
			"integrity": "sha512-p67CMEFP7kOG1JZ0ZkYZwRDa369w5PIjtMjvrQd/HnIV8FRsHRqLqK+oAZQnFa1DDdZtOtHTi+aMIW6EatC2jg==",
			"requires": {
				"apollo-utilities": "^1.3.0",
				"ts-invariant": "^0.4.0",
				"tslib": "^1.9.3",
				"zen-observable-ts": "^0.8.21"
			},
			"dependencies": {
				"ts-invariant": {
					"version": "0.4.4",
					"resolved": "https://registry.npmjs.org/ts-invariant/-/ts-invariant-0.4.4.tgz",
					"integrity": "sha512-uEtWkFM/sdZvRNNDL3Ehu4WVpwaulhwQszV8mrtcdeE8nN00BV9mAmQ88RkrBhFgl9gMgvjJLAQcZbnPXI9mlA==",
					"requires": {
						"tslib": "^1.9.3"
					}
				},
				"tslib": {
					"version": "1.14.1",
					"resolved": "https://registry.npmjs.org/tslib/-/tslib-1.14.1.tgz",
					"integrity": "sha512-Xni35NKzjgMrwevysHTCArtLDpPvye8zV/0E4EyYn43P7/7qvQwPh9BGkHewbMulVntbigmcT7rdX3BNo9wRJg=="
				},
				"zen-observable-ts": {
					"version": "0.8.21",
					"resolved": "https://registry.npmjs.org/zen-observable-ts/-/zen-observable-ts-0.8.21.tgz",
					"integrity": "sha512-Yj3yXweRc8LdRMrCC8nIc4kkjWecPAUVh0TI0OUrWXx6aX790vLcDlWca6I4vsyCGH3LpWxq0dJRcMOFoVqmeg==",
					"requires": {
						"tslib": "^1.9.3",
						"zen-observable": "^0.8.0"
					}
				}
			}
		},
		"apollo-link-error": {
			"version": "1.1.13",
			"resolved": "https://registry.npmjs.org/apollo-link-error/-/apollo-link-error-1.1.13.tgz",
			"integrity": "sha512-jAZOOahJU6bwSqb2ZyskEK1XdgUY9nkmeclCrW7Gddh1uasHVqmoYc4CKdb0/H0Y1J9lvaXKle2Wsw/Zx1AyUg==",
			"requires": {
				"apollo-link": "^1.2.14",
				"apollo-link-http-common": "^0.2.16",
				"tslib": "^1.9.3"
			},
			"dependencies": {
				"tslib": {
					"version": "1.14.1",
					"resolved": "https://registry.npmjs.org/tslib/-/tslib-1.14.1.tgz",
					"integrity": "sha512-Xni35NKzjgMrwevysHTCArtLDpPvye8zV/0E4EyYn43P7/7qvQwPh9BGkHewbMulVntbigmcT7rdX3BNo9wRJg=="
				}
			}
		},
		"apollo-link-http": {
			"version": "1.5.17",
			"resolved": "https://registry.npmjs.org/apollo-link-http/-/apollo-link-http-1.5.17.tgz",
			"integrity": "sha512-uWcqAotbwDEU/9+Dm9e1/clO7hTB2kQ/94JYcGouBVLjoKmTeJTUPQKcJGpPwUjZcSqgYicbFqQSoJIW0yrFvg==",
			"requires": {
				"apollo-link": "^1.2.14",
				"apollo-link-http-common": "^0.2.16",
				"tslib": "^1.9.3"
			},
			"dependencies": {
				"tslib": {
					"version": "1.14.1",
					"resolved": "https://registry.npmjs.org/tslib/-/tslib-1.14.1.tgz",
					"integrity": "sha512-Xni35NKzjgMrwevysHTCArtLDpPvye8zV/0E4EyYn43P7/7qvQwPh9BGkHewbMulVntbigmcT7rdX3BNo9wRJg=="
				}
			}
		},
		"apollo-link-http-common": {
			"version": "0.2.16",
			"resolved": "https://registry.npmjs.org/apollo-link-http-common/-/apollo-link-http-common-0.2.16.tgz",
			"integrity": "sha512-2tIhOIrnaF4UbQHf7kjeQA/EmSorB7+HyJIIrUjJOKBgnXwuexi8aMecRlqTIDWcyVXCeqLhUnztMa6bOH/jTg==",
			"requires": {
				"apollo-link": "^1.2.14",
				"ts-invariant": "^0.4.0",
				"tslib": "^1.9.3"
			},
			"dependencies": {
				"ts-invariant": {
					"version": "0.4.4",
					"resolved": "https://registry.npmjs.org/ts-invariant/-/ts-invariant-0.4.4.tgz",
					"integrity": "sha512-uEtWkFM/sdZvRNNDL3Ehu4WVpwaulhwQszV8mrtcdeE8nN00BV9mAmQ88RkrBhFgl9gMgvjJLAQcZbnPXI9mlA==",
					"requires": {
						"tslib": "^1.9.3"
					}
				},
				"tslib": {
					"version": "1.14.1",
					"resolved": "https://registry.npmjs.org/tslib/-/tslib-1.14.1.tgz",
					"integrity": "sha512-Xni35NKzjgMrwevysHTCArtLDpPvye8zV/0E4EyYn43P7/7qvQwPh9BGkHewbMulVntbigmcT7rdX3BNo9wRJg=="
				}
			}
		},
		"apollo-utilities": {
			"version": "1.3.4",
			"resolved": "https://registry.npmjs.org/apollo-utilities/-/apollo-utilities-1.3.4.tgz",
			"integrity": "sha512-pk2hiWrCXMAy2fRPwEyhvka+mqwzeP60Jr1tRYi5xru+3ko94HI9o6lK0CT33/w4RDlxWchmdhDCrvdr+pHCig==",
			"requires": {
				"@wry/equality": "^0.1.2",
				"fast-json-stable-stringify": "^2.0.0",
				"ts-invariant": "^0.4.0",
				"tslib": "^1.10.0"
			},
			"dependencies": {
				"@wry/equality": {
					"version": "0.1.11",
					"resolved": "https://registry.npmjs.org/@wry/equality/-/equality-0.1.11.tgz",
					"integrity": "sha512-mwEVBDUVODlsQQ5dfuLUS5/Tf7jqUKyhKYHmVi4fPB6bDMOfWvUPJmKgS1Z7Za/sOI3vzWt4+O7yCiL/70MogA==",
					"requires": {
						"tslib": "^1.9.3"
					}
				},
				"ts-invariant": {
					"version": "0.4.4",
					"resolved": "https://registry.npmjs.org/ts-invariant/-/ts-invariant-0.4.4.tgz",
					"integrity": "sha512-uEtWkFM/sdZvRNNDL3Ehu4WVpwaulhwQszV8mrtcdeE8nN00BV9mAmQ88RkrBhFgl9gMgvjJLAQcZbnPXI9mlA==",
					"requires": {
						"tslib": "^1.9.3"
					}
				},
				"tslib": {
					"version": "1.14.1",
					"resolved": "https://registry.npmjs.org/tslib/-/tslib-1.14.1.tgz",
					"integrity": "sha512-Xni35NKzjgMrwevysHTCArtLDpPvye8zV/0E4EyYn43P7/7qvQwPh9BGkHewbMulVntbigmcT7rdX3BNo9wRJg=="
				}
			}
		},
		"fast-json-stable-stringify": {
			"version": "2.1.0",
			"resolved": "https://registry.npmjs.org/fast-json-stable-stringify/-/fast-json-stable-stringify-2.1.0.tgz",
			"integrity": "sha512-lhd/wF+Lk98HZoTCtlVraHtfh5XYijIjalXck7saUtuanSDyLMxnHhSXEDJqHxD7msR8D0uCmqlkwjCV8xvwHw=="
		},
		"graphql": {
			"version": "15.5.2",
			"resolved": "https://registry.npmjs.org/graphql/-/graphql-15.5.2.tgz",
			"integrity": "sha512-dZjLPWNQqYv0dqV2RNbiFed0LtSp6yd4jchsDGnuhDKa9OQHJYCfovaOEvY91w9gqbYO7Se9LKDTl3xxYva/3w=="
		},
		"graphql-tag": {
			"version": "2.12.5",
			"resolved": "https://registry.npmjs.org/graphql-tag/-/graphql-tag-2.12.5.tgz",
			"integrity": "sha512-5xNhP4063d16Pz3HBtKprutsPrmHZi5IdUGOWRxA2B6VF7BIRGOHZ5WQvDmJXZuPcBg7rYwaFxvQYjqkSdR3TQ==",
			"requires": {
				"tslib": "^2.1.0"
			}
		},
		"history": {
			"version": "4.10.1",
			"resolved": "https://registry.npmjs.org/history/-/history-4.10.1.tgz",
			"integrity": "sha512-36nwAD620w12kuzPAsyINPWJqlNbij+hpK1k9XRloDtym8mxzGYl2c17LnV6IAGB2Dmg4tEa7G7DlawS0+qjew==",
			"requires": {
				"@babel/runtime": "^7.1.2",
				"loose-envify": "^1.2.0",
				"resolve-pathname": "^3.0.0",
				"tiny-invariant": "^1.0.2",
				"tiny-warning": "^1.0.0",
				"value-equal": "^1.0.1"
			}
		},
		"hoist-non-react-statics": {
			"version": "3.3.2",
			"resolved": "https://registry.npmjs.org/hoist-non-react-statics/-/hoist-non-react-statics-3.3.2.tgz",
			"integrity": "sha512-/gGivxi8JPKWNm/W0jSmzcMPpfpPLc3dY/6GxhX2hQ9iGj3aDfklV4ET7NjKpSinLpJ5vafa9iiGIEZg10SfBw==",
			"requires": {
				"react-is": "^16.7.0"
			}
		},
		"isarray": {
			"version": "0.0.1",
			"resolved": "https://registry.npmjs.org/isarray/-/isarray-0.0.1.tgz",
			"integrity": "sha1-ihis/Kmo9Bd+Cav8YDiTmwXR7t8="
		},
		"js-tokens": {
			"version": "4.0.0",
			"resolved": "https://registry.npmjs.org/js-tokens/-/js-tokens-4.0.0.tgz",
			"integrity": "sha512-RdJUflcE3cUzKiMqQgsCu06FPu9UdIJO0beYbPhHN4k6apgJtifcoCtT9bcxOpYBtpD2kCM6Sbzg4CausW/PKQ=="
		},
		"loose-envify": {
			"version": "1.4.0",
			"resolved": "https://registry.npmjs.org/loose-envify/-/loose-envify-1.4.0.tgz",
			"integrity": "sha512-lyuxPGr/Wfhrlem2CL/UcnUc1zcqKAImBDzukY7Y5F/yQiNdko6+fRLevlw1HgMySw7f611UIY408EtxRSoK3Q==",
			"requires": {
				"js-tokens": "^3.0.0 || ^4.0.0"
			}
		},
		"mini-create-react-context": {
			"version": "0.4.1",
			"resolved": "https://registry.npmjs.org/mini-create-react-context/-/mini-create-react-context-0.4.1.tgz",
			"integrity": "sha512-YWCYEmd5CQeHGSAKrYvXgmzzkrvssZcuuQDDeqkT+PziKGMgE+0MCCtcKbROzocGBG1meBLl2FotlRwf4gAzbQ==",
			"requires": {
				"@babel/runtime": "^7.12.1",
				"tiny-warning": "^1.0.3"
			}
		},
		"object-assign": {
			"version": "4.1.1",
			"resolved": "https://registry.npmjs.org/object-assign/-/object-assign-4.1.1.tgz",
			"integrity": "sha1-IQmtx5ZYh8/AXLvUQsrIv7s2CGM="
		},
		"optimism": {
			"version": "0.16.1",
			"resolved": "https://registry.npmjs.org/optimism/-/optimism-0.16.1.tgz",
			"integrity": "sha512-64i+Uw3otrndfq5kaoGNoY7pvOhSsjFEN4bdEFh80MWVk/dbgJfMv7VFDeCT8LxNAlEVhQmdVEbfE7X2nWNIIg==",
			"requires": {
				"@wry/context": "^0.6.0",
				"@wry/trie": "^0.3.0"
			}
		},
		"path-to-regexp": {
			"version": "1.8.0",
			"resolved": "https://registry.npmjs.org/path-to-regexp/-/path-to-regexp-1.8.0.tgz",
			"integrity": "sha512-n43JRhlUKUAlibEJhPeir1ncUID16QnEjNpwzNdO3Lm4ywrBpBZ5oLD0I6br9evr1Y9JTqwRtAh7JLoOzAQdVA==",
			"requires": {
				"isarray": "0.0.1"
			}
		},
		"prop-types": {
			"version": "15.7.2",
			"resolved": "https://registry.npmjs.org/prop-types/-/prop-types-15.7.2.tgz",
			"integrity": "sha512-8QQikdH7//R2vurIJSutZ1smHYTcLpRWEOlHnzcWHmBYrOGUysKwSsrC89BCiFj3CbrfJ/nXFdJepOVrY1GCHQ==",
			"requires": {
				"loose-envify": "^1.4.0",
				"object-assign": "^4.1.1",
				"react-is": "^16.8.1"
			}
		},
		"react": {
			"version": "17.0.2",
			"resolved": "https://registry.npmjs.org/react/-/react-17.0.2.tgz",
			"integrity": "sha512-gnhPt75i/dq/z3/6q/0asP78D0u592D5L1pd7M8P+dck6Fu/jJeL6iVVK23fptSUZj8Vjf++7wXA8UNclGQcbA==",
			"peer": true,
			"requires": {
				"loose-envify": "^1.1.0",
				"object-assign": "^4.1.1"
			}
		},
		"react-is": {
			"version": "16.13.1",
			"resolved": "https://registry.npmjs.org/react-is/-/react-is-16.13.1.tgz",
			"integrity": "sha512-24e6ynE2H+OKt4kqsOvNd8kBpV65zoxbA4BVsEOB3ARVWQki/DHzaUoC5KuON/BiccDaCCTZBuOcfZs70kR8bQ=="
		},
		"react-router": {
			"version": "5.2.1",
			"resolved": "https://registry.npmjs.org/react-router/-/react-router-5.2.1.tgz",
			"integrity": "sha512-lIboRiOtDLFdg1VTemMwud9vRVuOCZmUIT/7lUoZiSpPODiiH1UQlfXy+vPLC/7IWdFYnhRwAyNqA/+I7wnvKQ==",
			"requires": {
				"@babel/runtime": "^7.12.13",
				"history": "^4.9.0",
				"hoist-non-react-statics": "^3.1.0",
				"loose-envify": "^1.3.1",
				"mini-create-react-context": "^0.4.0",
				"path-to-regexp": "^1.7.0",
				"prop-types": "^15.6.2",
				"react-is": "^16.6.0",
				"tiny-invariant": "^1.0.2",
				"tiny-warning": "^1.0.0"
			}
		},
		"react-router-dom": {
			"version": "5.3.0",
			"resolved": "https://registry.npmjs.org/react-router-dom/-/react-router-dom-5.3.0.tgz",
			"integrity": "sha512-ObVBLjUZsphUUMVycibxgMdh5jJ1e3o+KpAZBVeHcNQZ4W+uUGGWsokurzlF4YOldQYRQL4y6yFRWM4m3svmuQ==",
			"requires": {
				"@babel/runtime": "^7.12.13",
				"history": "^4.9.0",
				"loose-envify": "^1.3.1",
				"prop-types": "^15.6.2",
				"react-router": "5.2.1",
				"tiny-invariant": "^1.0.2",
				"tiny-warning": "^1.0.0"
			}
		},
		"regenerator-runtime": {
			"version": "0.13.9",
			"resolved": "https://registry.npmjs.org/regenerator-runtime/-/regenerator-runtime-0.13.9.tgz",
			"integrity": "sha512-p3VT+cOEgxFsRRA9X4lkI1E+k2/CtnKtU4gcxyaCUreilL/vqI6CdZ3wxVUx3UOUg+gnUOQQcRI7BmSI656MYA=="
		},
		"resolve-pathname": {
			"version": "3.0.0",
			"resolved": "https://registry.npmjs.org/resolve-pathname/-/resolve-pathname-3.0.0.tgz",
			"integrity": "sha512-C7rARubxI8bXFNB/hqcp/4iUeIXJhJZvFPFPiSPRnhU5UPxzMFIl+2E6yY6c4k9giDJAhtV+enfA+G89N6Csng=="
		},
		"symbol-observable": {
			"version": "4.0.0",
			"resolved": "https://registry.npmjs.org/symbol-observable/-/symbol-observable-4.0.0.tgz",
			"integrity": "sha512-b19dMThMV4HVFynSAM1++gBHAbk2Tc/osgLIBZMKsyqh34jb2e8Os7T6ZW/Bt3pJFdBTd2JwAnAAEQV7rSNvcQ=="
		},
		"tiny-invariant": {
			"version": "1.1.0",
			"resolved": "https://registry.npmjs.org/tiny-invariant/-/tiny-invariant-1.1.0.tgz",
			"integrity": "sha512-ytxQvrb1cPc9WBEI/HSeYYoGD0kWnGEOR8RY6KomWLBVhqz0RgTwVO9dLrGz7dC+nN9llyI7OKAgRq8Vq4ZBSw=="
		},
		"tiny-warning": {
			"version": "1.0.3",
			"resolved": "https://registry.npmjs.org/tiny-warning/-/tiny-warning-1.0.3.tgz",
			"integrity": "sha512-lBN9zLN/oAf68o3zNXYrdCt1kP8WsiGW8Oo2ka41b2IM5JL/S1CTyX1rW0mb/zSuJun0ZUrDxx4sqvYS2FWzPA=="
		},
		"ts-invariant": {
			"version": "0.9.1",
			"resolved": "https://registry.npmjs.org/ts-invariant/-/ts-invariant-0.9.1.tgz",
			"integrity": "sha512-hSeYibh29ULlHkuEfukcoiyTct+s2RzczMLTv4x3NWC/YrBy7x7ps5eYq/b4Y3Sb9/uAlf54+/5CAEMVxPhuQw==",
			"requires": {
				"tslib": "^2.1.0"
			}
		},
		"tslib": {
			"version": "2.3.1",
			"resolved": "https://registry.npmjs.org/tslib/-/tslib-2.3.1.tgz",
			"integrity": "sha512-77EbyPPpMz+FRFRuAFlWMtmgUWGe9UOG2Z25NqCwiIjRhOf5iKGuzSe5P2w1laq+FkRy4p+PCuVkJSGkzTEKVw=="
		},
		"value-equal": {
			"version": "1.0.1",
			"resolved": "https://registry.npmjs.org/value-equal/-/value-equal-1.0.1.tgz",
			"integrity": "sha512-NOJ6JZCAWr0zlxZt+xqCHNTEKOsrks2HQd4MqhP1qy4z1SkbEP467eNx6TgDKXMvUOb+OENfJCZwM+16n7fRfw=="
		},
		"zen-observable": {
			"version": "0.8.15",
			"resolved": "https://registry.npmjs.org/zen-observable/-/zen-observable-0.8.15.tgz",
			"integrity": "sha512-PQ2PC7R9rslx84ndNBZB/Dkv8V8fZEpk83RLgXtYd0fwUgEjseMn1Dgajh2x6S8QbZAFa9p2qVCEuYZNgve0dQ=="
		},
		"zen-observable-ts": {
			"version": "1.1.0",
			"resolved": "https://registry.npmjs.org/zen-observable-ts/-/zen-observable-ts-1.1.0.tgz",
			"integrity": "sha512-1h4zlLSqI2cRLPJUHJFL8bCWHhkpuXkF+dbGkRaWjgDIG26DmzyshUMrdV/rL3UnR+mhaX4fRq8LPouq0MYYIA==",
			"requires": {
				"@types/zen-observable": "0.8.3",
				"zen-observable": "0.8.15"
			}
		}
	}
}
